{
  "name": "test",
  "lockfileVersion": 2,
  "requires": true,
  "packages": {
    "": {
      "dependencies": {
        "kaboom": "^2000.2.2"
      }
    },
    "node_modules/kaboom": {
      "version": "2000.2.2",
      "resolved": "https://registry.npmjs.org/kaboom/-/kaboom-2000.2.2.tgz",
      "integrity": "sha512-7qy68bh9u2IKzqVyQ/MbdfKcH+w9lbuODcnJgv5NpJrPbZJf/D7OjNv5D4reZn7s3+PQSr2j10pSEsCc18Gieg=="
    }
  },
  "dependencies": {
    "kaboom": {
      "version": "2000.2.2",
      "resolved": "https://registry.npmjs.org/kaboom/-/kaboom-2000.2.2.tgz",
      "integrity": "sha512-7qy68bh9u2IKzqVyQ/MbdfKcH+w9lbuODcnJgv5NpJrPbZJf/D7OjNv5D4reZn7s3+PQSr2j10pSEsCc18Gieg=="
    }
  }
}
